
Microsoft Visual Studio Solution File, Format Version 12.00
Project("{FAE04EC0-301F-11D3-BF4B-00C04F79EFBC}") = "AviaApp", "AviaApp\AviaApp.csproj", "{68A22436-47CE-4F1E-A536-CAB6A945FDDC}"
EndProject
Global
	GlobalSection(SolutionConfigurationPlatforms) = preSolution
		Debug|Any CPU = Debug|Any CPU
		Release|Any CPU = Release|Any CPU
	EndGlobalSection
	GlobalSection(ProjectConfigurationPlatforms) = postSolution
		{68A22436-47CE-4F1E-A536-CAB6A945FDDC}.Debug|Any CPU.ActiveCfg = Debug|Any CPU
		{68A22436-47CE-4F1E-A536-CAB6A945FDDC}.Debug|Any CPU.Build.0 = Debug|Any CPU
		{68A22436-47CE-4F1E-A536-CAB6A945FDDC}.Release|Any CPU.ActiveCfg = Release|Any CPU
		{68A22436-47CE-4F1E-A536-CAB6A945FDDC}.Release|Any CPU.Build.0 = Release|Any CPU
	EndGlobalSection
EndGlobal
